{
  "requires": true,
  "lockfileVersion": 1,
  "dependencies": {
    "vokamrecom": {
      "version": "1.0.0",
      "resolved": "https://registry.npmjs.org/vokamrecom/-/vokamrecom-1.0.0.tgz",
      "integrity": "sha512-DrK9DosVth6beRTM7wNR71n5/dYwT74/Gm+cJAdrovyT6OaYHh3jDvC9n2YDShg72FuKwxdybg2vVN/sGde5Lg=="
    }
  }
}
